
Microsoft Visual Studio Solution File, Format Version 12.00
# Visual Studio Version 17
VisualStudioVersion = 17.9.34728.123
MinimumVisualStudioVersion = 10.0.40219.1
Project("{2150E333-8FDC-42A3-9474-1A3956D46DE8}") = "Website", "Website", "{217690F0-E3C0-4B70-BD58-0BE1F35C5410}"
EndProject
Project("{9A19103F-16F7-4668-BE54-9A1E7A4F7556}") = "CrossPlanner.Staff", "CrossPlanner.Staff\CrossPlanner.Staff.csproj", "{23A92F21-1D99-4F49-92E2-11FE5E483917}"
EndProject
Project("{9A19103F-16F7-4668-BE54-9A1E7A4F7556}") = "CrossPlanner.Member", "CrossPlanner.Member\CrossPlanner.Member.csproj", "{E99C94CF-2A76-4CC1-B514-941B5A171FF4}"
EndProject
Project("{2150E333-8FDC-42A3-9474-1A3956D46DE8}") = "Domain", "Domain", "{9765E968-9945-42B8-BF78-88D6D705740D}"
EndProject
Project("{9A19103F-16F7-4668-BE54-9A1E7A4F7556}") = "CrossPlanner.Domain", "CrossPlanner.Domain\CrossPlanner.Domain.csproj", "{28F621AD-1932-4DF4-8447-D6D1FA554FBE}"
EndProject
Project("{9A19103F-16F7-4668-BE54-9A1E7A4F7556}") = "CrossPlanner.Repository", "CrossPlanner.Repository\CrossPlanner.Repository.csproj", "{DFE3D2F9-022B-4087-B9E1-E34542E31F60}"
EndProject
Project("{9A19103F-16F7-4668-BE54-9A1E7A4F7556}") = "CrossPlanner.Service", "CrossPlanner.Service\CrossPlanner.Service.csproj", "{98234B63-6122-469B-B26C-FE62763299AC}"
EndProject
Project("{2150E333-8FDC-42A3-9474-1A3956D46DE8}") = "ConsoleApps", "ConsoleApps", "{9FD4A5AE-E438-40DF-9083-94DEF493FD51}"
EndProject
Project("{9A19103F-16F7-4668-BE54-9A1E7A4F7556}") = "CrossPlanner.MembershipManager", "CrossPlanner.MembershipManager\CrossPlanner.MembershipManager.csproj", "{24A0C958-3975-4191-BE78-F1471E16FC21}"
EndProject
Project("{FAE04EC0-301F-11D3-BF4B-00C04F79EFBC}") = "CrossPlanner.MembershipNotifier", "CrossPlanner.MembershipNotifier\CrossPlanner.MembershipNotifier.csproj", "{4C4FB574-2C32-4042-B40E-E9C1E830FC45}"
EndProject
Global
	GlobalSection(SolutionConfigurationPlatforms) = preSolution
		Debug|Any CPU = Debug|Any CPU
		Release|Any CPU = Release|Any CPU
	EndGlobalSection
	GlobalSection(ProjectConfigurationPlatforms) = postSolution
		{23A92F21-1D99-4F49-92E2-11FE5E483917}.Debug|Any CPU.ActiveCfg = Debug|Any CPU
		{23A92F21-1D99-4F49-92E2-11FE5E483917}.Debug|Any CPU.Build.0 = Debug|Any CPU
		{23A92F21-1D99-4F49-92E2-11FE5E483917}.Release|Any CPU.ActiveCfg = Release|Any CPU
		{23A92F21-1D99-4F49-92E2-11FE5E483917}.Release|Any CPU.Build.0 = Release|Any CPU
		{E99C94CF-2A76-4CC1-B514-941B5A171FF4}.Debug|Any CPU.ActiveCfg = Debug|Any CPU
		{E99C94CF-2A76-4CC1-B514-941B5A171FF4}.Debug|Any CPU.Build.0 = Debug|Any CPU
		{E99C94CF-2A76-4CC1-B514-941B5A171FF4}.Release|Any CPU.ActiveCfg = Release|Any CPU
		{E99C94CF-2A76-4CC1-B514-941B5A171FF4}.Release|Any CPU.Build.0 = Release|Any CPU
		{28F621AD-1932-4DF4-8447-D6D1FA554FBE}.Debug|Any CPU.ActiveCfg = Debug|Any CPU
		{28F621AD-1932-4DF4-8447-D6D1FA554FBE}.Debug|Any CPU.Build.0 = Debug|Any CPU
		{28F621AD-1932-4DF4-8447-D6D1FA554FBE}.Release|Any CPU.ActiveCfg = Release|Any CPU
		{28F621AD-1932-4DF4-8447-D6D1FA554FBE}.Release|Any CPU.Build.0 = Release|Any CPU
		{DFE3D2F9-022B-4087-B9E1-E34542E31F60}.Debug|Any CPU.ActiveCfg = Debug|Any CPU
		{DFE3D2F9-022B-4087-B9E1-E34542E31F60}.Debug|Any CPU.Build.0 = Debug|Any CPU
		{DFE3D2F9-022B-4087-B9E1-E34542E31F60}.Release|Any CPU.ActiveCfg = Release|Any CPU
		{DFE3D2F9-022B-4087-B9E1-E34542E31F60}.Release|Any CPU.Build.0 = Release|Any CPU
		{98234B63-6122-469B-B26C-FE62763299AC}.Debug|Any CPU.ActiveCfg = Debug|Any CPU
		{98234B63-6122-469B-B26C-FE62763299AC}.Debug|Any CPU.Build.0 = Debug|Any CPU
		{98234B63-6122-469B-B26C-FE62763299AC}.Release|Any CPU.ActiveCfg = Release|Any CPU
		{98234B63-6122-469B-B26C-FE62763299AC}.Release|Any CPU.Build.0 = Release|Any CPU
		{24A0C958-3975-4191-BE78-F1471E16FC21}.Debug|Any CPU.ActiveCfg = Debug|Any CPU
		{24A0C958-3975-4191-BE78-F1471E16FC21}.Debug|Any CPU.Build.0 = Debug|Any CPU
		{24A0C958-3975-4191-BE78-F1471E16FC21}.Release|Any CPU.ActiveCfg = Release|Any CPU
		{24A0C958-3975-4191-BE78-F1471E16FC21}.Release|Any CPU.Build.0 = Release|Any CPU
		{4C4FB574-2C32-4042-B40E-E9C1E830FC45}.Debug|Any CPU.ActiveCfg = Debug|Any CPU
		{4C4FB574-2C32-4042-B40E-E9C1E830FC45}.Debug|Any CPU.Build.0 = Debug|Any CPU
		{4C4FB574-2C32-4042-B40E-E9C1E830FC45}.Release|Any CPU.ActiveCfg = Release|Any CPU
		{4C4FB574-2C32-4042-B40E-E9C1E830FC45}.Release|Any CPU.Build.0 = Release|Any CPU
	EndGlobalSection
	GlobalSection(SolutionProperties) = preSolution
		HideSolutionNode = FALSE
	EndGlobalSection
	GlobalSection(NestedProjects) = preSolution
		{23A92F21-1D99-4F49-92E2-11FE5E483917} = {217690F0-E3C0-4B70-BD58-0BE1F35C5410}
		{E99C94CF-2A76-4CC1-B514-941B5A171FF4} = {217690F0-E3C0-4B70-BD58-0BE1F35C5410}
		{28F621AD-1932-4DF4-8447-D6D1FA554FBE} = {9765E968-9945-42B8-BF78-88D6D705740D}
		{DFE3D2F9-022B-4087-B9E1-E34542E31F60} = {9765E968-9945-42B8-BF78-88D6D705740D}
		{98234B63-6122-469B-B26C-FE62763299AC} = {9765E968-9945-42B8-BF78-88D6D705740D}
		{24A0C958-3975-4191-BE78-F1471E16FC21} = {9FD4A5AE-E438-40DF-9083-94DEF493FD51}
		{4C4FB574-2C32-4042-B40E-E9C1E830FC45} = {9FD4A5AE-E438-40DF-9083-94DEF493FD51}
	EndGlobalSection
	GlobalSection(ExtensibilityGlobals) = postSolution
		SolutionGuid = {A2573167-E28F-4FE5-AC75-DB67B8EB029A}
	EndGlobalSection
EndGlobal
