
Microsoft Visual Studio Solution File, Format Version 12.00
# Visual Studio Version 17
VisualStudioVersion = 17.9.34728.123
MinimumVisualStudioVersion = 10.0.40219.1
Project("{2150E333-8FDC-42A3-9474-1A3956D46DE8}") = "Website", "Website", "{217690F0-E3C0-4B70-BD58-0BE1F35C5410}"
EndProject
Project("{FAE04EC0-301F-11D3-BF4B-00C04F79EFBC}") = "CrossPlanner.Staff", "CrossPlanner.Staff\CrossPlanner.Staff.csproj", "{23A92F21-1D99-4F49-92E2-11FE5E483917}"
EndProject
Project("{FAE04EC0-301F-11D3-BF4B-00C04F79EFBC}") = "CrossPlanner.Member", "CrossPlanner.Member\CrossPlanner.Member.csproj", "{E99C94CF-2A76-4CC1-B514-941B5A171FF4}"
EndProject
Global
	GlobalSection(SolutionConfigurationPlatforms) = preSolution
		Debug|Any CPU = Debug|Any CPU
		Release|Any CPU = Release|Any CPU
	EndGlobalSection
	GlobalSection(ProjectConfigurationPlatforms) = postSolution
		{23A92F21-1D99-4F49-92E2-11FE5E483917}.Debug|Any CPU.ActiveCfg = Debug|Any CPU
		{23A92F21-1D99-4F49-92E2-11FE5E483917}.Debug|Any CPU.Build.0 = Debug|Any CPU
		{23A92F21-1D99-4F49-92E2-11FE5E483917}.Release|Any CPU.ActiveCfg = Release|Any CPU
		{23A92F21-1D99-4F49-92E2-11FE5E483917}.Release|Any CPU.Build.0 = Release|Any CPU
		{E99C94CF-2A76-4CC1-B514-941B5A171FF4}.Debug|Any CPU.ActiveCfg = Debug|Any CPU
		{E99C94CF-2A76-4CC1-B514-941B5A171FF4}.Debug|Any CPU.Build.0 = Debug|Any CPU
		{E99C94CF-2A76-4CC1-B514-941B5A171FF4}.Release|Any CPU.ActiveCfg = Release|Any CPU
		{E99C94CF-2A76-4CC1-B514-941B5A171FF4}.Release|Any CPU.Build.0 = Release|Any CPU
	EndGlobalSection
	GlobalSection(SolutionProperties) = preSolution
		HideSolutionNode = FALSE
	EndGlobalSection
	GlobalSection(NestedProjects) = preSolution
		{23A92F21-1D99-4F49-92E2-11FE5E483917} = {217690F0-E3C0-4B70-BD58-0BE1F35C5410}
		{E99C94CF-2A76-4CC1-B514-941B5A171FF4} = {217690F0-E3C0-4B70-BD58-0BE1F35C5410}
	EndGlobalSection
	GlobalSection(ExtensibilityGlobals) = postSolution
		SolutionGuid = {A2573167-E28F-4FE5-AC75-DB67B8EB029A}
	EndGlobalSection
EndGlobal
